
Microsoft Visual Studio Solution File, Format Version 12.00
# Visual Studio Version 17
VisualStudioVersion = 17.11.35222.181
MinimumVisualStudioVersion = 10.0.40219.1
Project("{9A19103F-16F7-4668-BE54-9A1E7A4F7556}") = "ProductCatalogue", "ProductCatalogue\ProductCatalogue.csproj", "{3AA023DE-3D67-423A-A85A-BE2F5BE50759}"
	ProjectSection(ProjectDependencies) = postProject
		{3EB1E45D-0A00-4C93-80B5-974F02AB6EAD} = {3EB1E45D-0A00-4C93-80B5-974F02AB6EAD}
	EndProjectSection
EndProject
Project("{FAE04EC0-301F-11D3-BF4B-00C04F79EFBC}") = "Resources", "Resources\Resources.csproj", "{3EB1E45D-0A00-4C93-80B5-974F02AB6EAD}"
EndProject
Project("{FAE04EC0-301F-11D3-BF4B-00C04F79EFBC}") = "Resources.Tests", "Resources.Tests\Resources.Tests.csproj", "{5E65AB53-C42F-4995-9867-F60F4FCB07B2}"
	ProjectSection(ProjectDependencies) = postProject
		{3EB1E45D-0A00-4C93-80B5-974F02AB6EAD} = {3EB1E45D-0A00-4C93-80B5-974F02AB6EAD}
	EndProjectSection
EndProject
Global
	GlobalSection(SolutionConfigurationPlatforms) = preSolution
		Debug|Any CPU = Debug|Any CPU
		Release|Any CPU = Release|Any CPU
	EndGlobalSection
	GlobalSection(ProjectConfigurationPlatforms) = postSolution
		{3AA023DE-3D67-423A-A85A-BE2F5BE50759}.Debug|Any CPU.ActiveCfg = Debug|Any CPU
		{3AA023DE-3D67-423A-A85A-BE2F5BE50759}.Debug|Any CPU.Build.0 = Debug|Any CPU
		{3AA023DE-3D67-423A-A85A-BE2F5BE50759}.Release|Any CPU.ActiveCfg = Release|Any CPU
		{3AA023DE-3D67-423A-A85A-BE2F5BE50759}.Release|Any CPU.Build.0 = Release|Any CPU
		{3EB1E45D-0A00-4C93-80B5-974F02AB6EAD}.Debug|Any CPU.ActiveCfg = Debug|Any CPU
		{3EB1E45D-0A00-4C93-80B5-974F02AB6EAD}.Debug|Any CPU.Build.0 = Debug|Any CPU
		{3EB1E45D-0A00-4C93-80B5-974F02AB6EAD}.Release|Any CPU.ActiveCfg = Release|Any CPU
		{3EB1E45D-0A00-4C93-80B5-974F02AB6EAD}.Release|Any CPU.Build.0 = Release|Any CPU
		{5E65AB53-C42F-4995-9867-F60F4FCB07B2}.Debug|Any CPU.ActiveCfg = Debug|Any CPU
		{5E65AB53-C42F-4995-9867-F60F4FCB07B2}.Debug|Any CPU.Build.0 = Debug|Any CPU
		{5E65AB53-C42F-4995-9867-F60F4FCB07B2}.Release|Any CPU.ActiveCfg = Release|Any CPU
		{5E65AB53-C42F-4995-9867-F60F4FCB07B2}.Release|Any CPU.Build.0 = Release|Any CPU
	EndGlobalSection
	GlobalSection(SolutionProperties) = preSolution
		HideSolutionNode = FALSE
	EndGlobalSection
	GlobalSection(ExtensibilityGlobals) = postSolution
		SolutionGuid = {DF891E45-C409-4D54-8DB5-7E2CF89CBD77}
	EndGlobalSection
EndGlobal
